// !$*UTF8*$!
{
	archiveVersion = 1;
	classes = {
	};
	objectVersion = 46;
	objects = {

/* Begin PBXBuildFile section */
		1ECC6BF91905605700EFB710 /* Foundation.framework in Frameworks */ = {isa = PBXBuildFile; fileRef = 1ECC6BF81905605700EFB710 /* Foundation.framework */; };
		1ECC6BFB1905605700EFB710 /* CoreGraphics.framework in Frameworks */ = {isa = PBXBuildFile; fileRef = 1ECC6BFA1905605700EFB710 /* CoreGraphics.framework */; };
		1ECC6BFD1905605700EFB710 /* UIKit.framework in Frameworks */ = {isa = PBXBuildFile; fileRef = 1ECC6BFC1905605700EFB710 /* UIKit.framework */; };
		1ECC6C031905605700EFB710 /* InfoPlist.strings in Resources */ = {isa = PBXBuildFile; fileRef = 1ECC6C011905605700EFB710 /* InfoPlist.strings */; };
		1ECC6C051905605700EFB710 /* main.m in Sources */ = {isa = PBXBuildFile; fileRef = 1ECC6C041905605700EFB710 /* main.m */; };
		1ECC6C091905605700EFB710 /* ACAppDelegate.m in Sources */ = {isa = PBXBuildFile; fileRef = 1ECC6C081905605700EFB710 /* ACAppDelegate.m */; };
		1ECC6C0C1905605800EFB710 /* Main.storyboard in Resources */ = {isa = PBXBuildFile; fileRef = 1ECC6C0A1905605800EFB710 /* Main.storyboard */; };
		1ECC6C0F1905605800EFB710 /* ACViewController.m in Sources */ = {isa = PBXBuildFile; fileRef = 1ECC6C0E1905605800EFB710 /* ACViewController.m */; };
		1ECC6C111905605800EFB710 /* Images.xcassets in Resources */ = {isa = PBXBuildFile; fileRef = 1ECC6C101905605800EFB710 /* Images.xcassets */; };
		1ECC6C181905605800EFB710 /* XCTest.framework in Frameworks */ = {isa = PBXBuildFile; fileRef = 1ECC6C171905605800EFB710 /* XCTest.framework */; };
		1ECC6C191905605800EFB710 /* Foundation.framework in Frameworks */ = {isa = PBXBuildFile; fileRef = 1ECC6BF81905605700EFB710 /* Foundation.framework */; };
		1ECC6C1A1905605800EFB710 /* UIKit.framework in Frameworks */ = {isa = PBXBuildFile; fileRef = 1ECC6BFC1905605700EFB710 /* UIKit.framework */; };
		1ECC6C221905605800EFB710 /* InfoPlist.strings in Resources */ = {isa = PBXBuildFile; fileRef = 1ECC6C201905605800EFB710 /* InfoPlist.strings */; };
		1ECC6C241905605800EFB710 /* UIXKitTests.m in Sources */ = {isa = PBXBuildFile; fileRef = 1ECC6C231905605800EFB710 /* UIXKitTests.m */; };
		1ECC6C3A190560B300EFB710 /* UIXActivityIndicatorView.m in Sources */ = {isa = PBXBuildFile; fileRef = 1ECC6C30190560B300EFB710 /* UIXActivityIndicatorView.m */; };
		1ECC6C3B190560B300EFB710 /* UIXStopButton.m in Sources */ = {isa = PBXBuildFile; fileRef = 1ECC6C34190560B300EFB710 /* UIXStopButton.m */; };
		1ECC6C3C190560B300EFB710 /* UIXButton.m in Sources */ = {isa = PBXBuildFile; fileRef = 1ECC6C37190560B300EFB710 /* UIXButton.m */; };
		1ECC6C3D190560B300EFB710 /* UIXView.m in Sources */ = {isa = PBXBuildFile; fileRef = 1ECC6C39190560B300EFB710 /* UIXView.m */; };
/* End PBXBuildFile section */

/* Begin PBXContainerItemProxy section */
		1ECC6C1B1905605800EFB710 /* PBXContainerItemProxy */ = {
			isa = PBXContainerItemProxy;
			containerPortal = 1ECC6BED1905605700EFB710 /* Project object */;
			proxyType = 1;
			remoteGlobalIDString = 1ECC6BF41905605700EFB710;
			remoteInfo = UIXKit;
		};
/* End PBXContainerItemProxy section */

/* Begin PBXFileReference section */
		1ECC6BF51905605700EFB710 /* UIXKit.app */ = {isa = PBXFileReference; explicitFileType = wrapper.application; includeInIndex = 0; path = UIXKit.app; sourceTree = BUILT_PRODUCTS_DIR; };
		1ECC6BF81905605700EFB710 /* Foundation.framework */ = {isa = PBXFileReference; lastKnownFileType = wrapper.framework; name = Foundation.framework; path = System/Library/Frameworks/Foundation.framework; sourceTree = SDKROOT; };
		1ECC6BFA1905605700EFB710 /* CoreGraphics.framework */ = {isa = PBXFileReference; lastKnownFileType = wrapper.framework; name = CoreGraphics.framework; path = System/Library/Frameworks/CoreGraphics.framework; sourceTree = SDKROOT; };
		1ECC6BFC1905605700EFB710 /* UIKit.framework */ = {isa = PBXFileReference; lastKnownFileType = wrapper.framework; name = UIKit.framework; path = System/Library/Frameworks/UIKit.framework; sourceTree = SDKROOT; };
		1ECC6C001905605700EFB710 /* UIXKit-Info.plist */ = {isa = PBXFileReference; lastKnownFileType = text.plist.xml; path = "UIXKit-Info.plist"; sourceTree = "<group>"; };
		1ECC6C021905605700EFB710 /* en */ = {isa = PBXFileReference; lastKnownFileType = text.plist.strings; name = en; path = en.lproj/InfoPlist.strings; sourceTree = "<group>"; };
		1ECC6C041905605700EFB710 /* main.m */ = {isa = PBXFileReference; lastKnownFileType = sourcecode.c.objc; path = main.m; sourceTree = "<group>"; };
		1ECC6C061905605700EFB710 /* UIXKit-Prefix.pch */ = {isa = PBXFileReference; lastKnownFileType = sourcecode.c.h; path = "UIXKit-Prefix.pch"; sourceTree = "<group>"; };
		1ECC6C071905605700EFB710 /* ACAppDelegate.h */ = {isa = PBXFileReference; lastKnownFileType = sourcecode.c.h; path = ACAppDelegate.h; sourceTree = "<group>"; };
		1ECC6C081905605700EFB710 /* ACAppDelegate.m */ = {isa = PBXFileReference; lastKnownFileType = sourcecode.c.objc; path = ACAppDelegate.m; sourceTree = "<group>"; };
		1ECC6C0B1905605800EFB710 /* Base */ = {isa = PBXFileReference; lastKnownFileType = file.storyboard; name = Base; path = Base.lproj/Main.storyboard; sourceTree = "<group>"; };
		1ECC6C0D1905605800EFB710 /* ACViewController.h */ = {isa = PBXFileReference; lastKnownFileType = sourcecode.c.h; path = ACViewController.h; sourceTree = "<group>"; };
		1ECC6C0E1905605800EFB710 /* ACViewController.m */ = {isa = PBXFileReference; lastKnownFileType = sourcecode.c.objc; path = ACViewController.m; sourceTree = "<group>"; };
		1ECC6C101905605800EFB710 /* Images.xcassets */ = {isa = PBXFileReference; lastKnownFileType = folder.assetcatalog; path = Images.xcassets; sourceTree = "<group>"; };
		1ECC6C161905605800EFB710 /* UIXKitTests.xctest */ = {isa = PBXFileReference; explicitFileType = wrapper.cfbundle; includeInIndex = 0; path = UIXKitTests.xctest; sourceTree = BUILT_PRODUCTS_DIR; };
		1ECC6C171905605800EFB710 /* XCTest.framework */ = {isa = PBXFileReference; lastKnownFileType = wrapper.framework; name = XCTest.framework; path = Library/Frameworks/XCTest.framework; sourceTree = DEVELOPER_DIR; };
		1ECC6C1F1905605800EFB710 /* UIXKitTests-Info.plist */ = {isa = PBXFileReference; lastKnownFileType = text.plist.xml; path = "UIXKitTests-Info.plist"; sourceTree = "<group>"; };
		1ECC6C211905605800EFB710 /* en */ = {isa = PBXFileReference; lastKnownFileType = text.plist.strings; name = en; path = en.lproj/InfoPlist.strings; sourceTree = "<group>"; };
		1ECC6C231905605800EFB710 /* UIXKitTests.m */ = {isa = PBXFileReference; lastKnownFileType = sourcecode.c.objc; path = UIXKitTests.m; sourceTree = "<group>"; };
		1ECC6C2F190560B300EFB710 /* UIXActivityIndicatorView.h */ = {isa = PBXFileReference; fileEncoding = 4; lastKnownFileType = sourcecode.c.h; path = UIXActivityIndicatorView.h; sourceTree = "<group>"; };
		1ECC6C30190560B300EFB710 /* UIXActivityIndicatorView.m */ = {isa = PBXFileReference; fileEncoding = 4; lastKnownFileType = sourcecode.c.objc; path = UIXActivityIndicatorView.m; sourceTree = "<group>"; };
		1ECC6C31190560B300EFB710 /* UIXHelper.h */ = {isa = PBXFileReference; fileEncoding = 4; lastKnownFileType = sourcecode.c.h; path = UIXHelper.h; sourceTree = "<group>"; };
		1ECC6C32190560B300EFB710 /* UIXStopableView.h */ = {isa = PBXFileReference; fileEncoding = 4; lastKnownFileType = sourcecode.c.h; path = UIXStopableView.h; sourceTree = "<group>"; };
		1ECC6C33190560B300EFB710 /* UIXStopButton.h */ = {isa = PBXFileReference; fileEncoding = 4; lastKnownFileType = sourcecode.c.h; path = UIXStopButton.h; sourceTree = "<group>"; };
		1ECC6C34190560B300EFB710 /* UIXStopButton.m */ = {isa = PBXFileReference; fileEncoding = 4; lastKnownFileType = sourcecode.c.objc; path = UIXStopButton.m; sourceTree = "<group>"; };
		1ECC6C36190560B300EFB710 /* UIXButton.h */ = {isa = PBXFileReference; fileEncoding = 4; lastKnownFileType = sourcecode.c.h; path = UIXButton.h; sourceTree = "<group>"; };
		1ECC6C37190560B300EFB710 /* UIXButton.m */ = {isa = PBXFileReference; fileEncoding = 4; lastKnownFileType = sourcecode.c.objc; path = UIXButton.m; sourceTree = "<group>"; };
		1ECC6C38190560B300EFB710 /* UIXView.h */ = {isa = PBXFileReference; fileEncoding = 4; lastKnownFileType = sourcecode.c.h; path = UIXView.h; sourceTree = "<group>"; };
		1ECC6C39190560B300EFB710 /* UIXView.m */ = {isa = PBXFileReference; fileEncoding = 4; lastKnownFileType = sourcecode.c.objc; path = UIXView.m; sourceTree = "<group>"; };
/* End PBXFileReference section */

/* Begin PBXFrameworksBuildPhase section */
		1ECC6BF21905605700EFB710 /* Frameworks */ = {
			isa = PBXFrameworksBuildPhase;
			buildActionMask = 2147483647;
			files = (
				1ECC6BFB1905605700EFB710 /* CoreGraphics.framework in Frameworks */,
				1ECC6BFD1905605700EFB710 /* UIKit.framework in Frameworks */,
				1ECC6BF91905605700EFB710 /* Foundation.framework in Frameworks */,
			);
			runOnlyForDeploymentPostprocessing = 0;
		};
		1ECC6C131905605800EFB710 /* Frameworks */ = {
			isa = PBXFrameworksBuildPhase;
			buildActionMask = 2147483647;
			files = (
				1ECC6C181905605800EFB710 /* XCTest.framework in Frameworks */,
				1ECC6C1A1905605800EFB710 /* UIKit.framework in Frameworks */,
				1ECC6C191905605800EFB710 /* Foundation.framework in Frameworks */,
			);
			runOnlyForDeploymentPostprocessing = 0;
		};
/* End PBXFrameworksBuildPhase section */

/* Begin PBXGroup section */
		1ECC6BEC1905605700EFB710 = {
			isa = PBXGroup;
			children = (
				1ECC6C2D190560B300EFB710 /* Classes */,
				1ECC6BFE1905605700EFB710 /* UIXKit */,
				1ECC6C1D1905605800EFB710 /* UIXKitTests */,
				1ECC6BF71905605700EFB710 /* Frameworks */,
				1ECC6BF61905605700EFB710 /* Products */,
			);
			sourceTree = "<group>";
		};
		1ECC6BF61905605700EFB710 /* Products */ = {
			isa = PBXGroup;
			children = (
				1ECC6BF51905605700EFB710 /* UIXKit.app */,
				1ECC6C161905605800EFB710 /* UIXKitTests.xctest */,
			);
			name = Products;
			sourceTree = "<group>";
		};
		1ECC6BF71905605700EFB710 /* Frameworks */ = {
			isa = PBXGroup;
			children = (
				1ECC6BF81905605700EFB710 /* Foundation.framework */,
				1ECC6BFA1905605700EFB710 /* CoreGraphics.framework */,
				1ECC6BFC1905605700EFB710 /* UIKit.framework */,
				1ECC6C171905605800EFB710 /* XCTest.framework */,
			);
			name = Frameworks;
			sourceTree = "<group>";
		};
		1ECC6BFE1905605700EFB710 /* UIXKit */ = {
			isa = PBXGroup;
			children = (
				1ECC6C071905605700EFB710 /* ACAppDelegate.h */,
				1ECC6C081905605700EFB710 /* ACAppDelegate.m */,
				1ECC6C0A1905605800EFB710 /* Main.storyboard */,
				1ECC6C0D1905605800EFB710 /* ACViewController.h */,
				1ECC6C0E1905605800EFB710 /* ACViewController.m */,
				1ECC6C101905605800EFB710 /* Images.xcassets */,
				1ECC6BFF1905605700EFB710 /* Supporting Files */,
			);
			path = UIXKit;
			sourceTree = "<group>";
		};
		1ECC6BFF1905605700EFB710 /* Supporting Files */ = {
			isa = PBXGroup;
			children = (
				1ECC6C001905605700EFB710 /* UIXKit-Info.plist */,
				1ECC6C011905605700EFB710 /* InfoPlist.strings */,
				1ECC6C041905605700EFB710 /* main.m */,
				1ECC6C061905605700EFB710 /* UIXKit-Prefix.pch */,
			);
			name = "Supporting Files";
			sourceTree = "<group>";
		};
		1ECC6C1D1905605800EFB710 /* UIXKitTests */ = {
			isa = PBXGroup;
			children = (
				1ECC6C231905605800EFB710 /* UIXKitTests.m */,
				1ECC6C1E1905605800EFB710 /* Supporting Files */,
			);
			path = UIXKitTests;
			sourceTree = "<group>";
		};
		1ECC6C1E1905605800EFB710 /* Supporting Files */ = {
			isa = PBXGroup;
			children = (
				1ECC6C1F1905605800EFB710 /* UIXKitTests-Info.plist */,
				1ECC6C201905605800EFB710 /* InfoPlist.strings */,
			);
			name = "Supporting Files";
			sourceTree = "<group>";
		};
		1ECC6C2D190560B300EFB710 /* Classes */ = {
			isa = PBXGroup;
			children = (
				1ECC6C2E190560B300EFB710 /* UIX */,
				1ECC6C35190560B300EFB710 /* UIXBase */,
			);
			path = Classes;
			sourceTree = "<group>";
		};
		1ECC6C2E190560B300EFB710 /* UIX */ = {
			isa = PBXGroup;
			children = (
				1ECC6C2F190560B300EFB710 /* UIXActivityIndicatorView.h */,
				1ECC6C30190560B300EFB710 /* UIXActivityIndicatorView.m */,
				1ECC6C31190560B300EFB710 /* UIXHelper.h */,
				1ECC6C32190560B300EFB710 /* UIXStopableView.h */,
				1ECC6C33190560B300EFB710 /* UIXStopButton.h */,
				1ECC6C34190560B300EFB710 /* UIXStopButton.m */,
			);
			path = UIX;
			sourceTree = "<group>";
		};
		1ECC6C35190560B300EFB710 /* UIXBase */ = {
			isa = PBXGroup;
			children = (
				1ECC6C36190560B300EFB710 /* UIXButton.h */,
				1ECC6C37190560B300EFB710 /* UIXButton.m */,
				1ECC6C38190560B300EFB710 /* UIXView.h */,
				1ECC6C39190560B300EFB710 /* UIXView.m */,
			);
			path = UIXBase;
			sourceTree = "<group>";
		};
/* End PBXGroup section */

/* Begin PBXNativeTarget section */
		1ECC6BF41905605700EFB710 /* UIXKit */ = {
			isa = PBXNativeTarget;
			buildConfigurationList = 1ECC6C271905605800EFB710 /* Build configuration list for PBXNativeTarget "UIXKit" */;
			buildPhases = (
				1ECC6BF11905605700EFB710 /* Sources */,
				1ECC6BF21905605700EFB710 /* Frameworks */,
				1ECC6BF31905605700EFB710 /* Resources */,
			);
			buildRules = (
			);
			dependencies = (
			);
			name = UIXKit;
			productName = UIXKit;
			productReference = 1ECC6BF51905605700EFB710 /* UIXKit.app */;
			productType = "com.apple.product-type.application";
		};
		1ECC6C151905605800EFB710 /* UIXKitTests */ = {
			isa = PBXNativeTarget;
			buildConfigurationList = 1ECC6C2A1905605800EFB710 /* Build configuration list for PBXNativeTarget "UIXKitTests" */;
			buildPhases = (
				1ECC6C121905605800EFB710 /* Sources */,
				1ECC6C131905605800EFB710 /* Frameworks */,
				1ECC6C141905605800EFB710 /* Resources */,
			);
			buildRules = (
			);
			dependencies = (
				1ECC6C1C1905605800EFB710 /* PBXTargetDependency */,
			);
			name = UIXKitTests;
			productName = UIXKitTests;
			productReference = 1ECC6C161905605800EFB710 /* UIXKitTests.xctest */;
			productType = "com.apple.product-type.bundle.unit-test";
		};
/* End PBXNativeTarget section */

/* Begin PBXProject section */
		1ECC6BED1905605700EFB710 /* Project object */ = {
			isa = PBXProject;
			attributes = {
				CLASSPREFIX = AC;
				LastUpgradeCheck = 0510;
				ORGANIZATIONNAME = "潇翔 汪";
				TargetAttributes = {
					1ECC6C151905605800EFB710 = {
						TestTargetID = 1ECC6BF41905605700EFB710;
					};
				};
			};
			buildConfigurationList = 1ECC6BF01905605700EFB710 /* Build configuration list for PBXProject "UIXKit" */;
			compatibilityVersion = "Xcode 3.2";
			developmentRegion = English;
			hasScannedForEncodings = 0;
			knownRegions = (
				en,
				Base,
			);
			mainGroup = 1ECC6BEC1905605700EFB710;
			productRefGroup = 1ECC6BF61905605700EFB710 /* Products */;
			projectDirPath = "";
			projectRoot = "";
			targets = (
				1ECC6BF41905605700EFB710 /* UIXKit */,
				1ECC6C151905605800EFB710 /* UIXKitTests */,
			);
		};
/* End PBXProject section */

/* Begin PBXResourcesBuildPhase section */
		1ECC6BF31905605700EFB710 /* Resources */ = {
			isa = PBXResourcesBuildPhase;
			buildActionMask = 2147483647;
			files = (
				1ECC6C111905605800EFB710 /* Images.xcassets in Resources */,
				1ECC6C031905605700EFB710 /* InfoPlist.strings in Resources */,
				1ECC6C0C1905605800EFB710 /* Main.storyboard in Resources */,
			);
			runOnlyForDeploymentPostprocessing = 0;
		};
		1ECC6C141905605800EFB710 /* Resources */ = {
			isa = PBXResourcesBuildPhase;
			buildActionMask = 2147483647;
			files = (
				1ECC6C221905605800EFB710 /* InfoPlist.strings in Resources */,
			);
			runOnlyForDeploymentPostprocessing = 0;
		};
/* End PBXResourcesBuildPhase section */

/* Begin PBXSourcesBuildPhase section */
		1ECC6BF11905605700EFB710 /* Sources */ = {
			isa = PBXSourcesBuildPhase;
			buildActionMask = 2147483647;
			files = (
				1ECC6C3D190560B300EFB710 /* UIXView.m in Sources */,
				1ECC6C3C190560B300EFB710 /* UIXButton.m in Sources */,
				1ECC6C3A190560B300EFB710 /* UIXActivityIndicatorView.m in Sources */,
				1ECC6C091905605700EFB710 /* ACAppDelegate.m in Sources */,
				1ECC6C0F1905605800EFB710 /* ACViewController.m in Sources */,
				1ECC6C051905605700EFB710 /* main.m in Sources */,
				1ECC6C3B190560B300EFB710 /* UIXStopButton.m in Sources */,
			);
			runOnlyForDeploymentPostprocessing = 0;
		};
		1ECC6C121905605800EFB710 /* Sources */ = {
			isa = PBXSourcesBuildPhase;
			buildActionMask = 2147483647;
			files = (
				1ECC6C241905605800EFB710 /* UIXKitTests.m in Sources */,
			);
			runOnlyForDeploymentPostprocessing = 0;
		};
/* End PBXSourcesBuildPhase section */

/* Begin PBXTargetDependency section */
		1ECC6C1C1905605800EFB710 /* PBXTargetDependency */ = {
			isa = PBXTargetDependency;
			target = 1ECC6BF41905605700EFB710 /* UIXKit */;
			targetProxy = 1ECC6C1B1905605800EFB710 /* PBXContainerItemProxy */;
		};
/* End PBXTargetDependency section */

/* Begin PBXVariantGroup section */
		1ECC6C011905605700EFB710 /* InfoPlist.strings */ = {
			isa = PBXVariantGroup;
			children = (
				1ECC6C021905605700EFB710 /* en */,
			);
			name = InfoPlist.strings;
			sourceTree = "<group>";
		};
		1ECC6C0A1905605800EFB710 /* Main.storyboard */ = {
			isa = PBXVariantGroup;
			children = (
				1ECC6C0B1905605800EFB710 /* Base */,
			);
			name = Main.storyboard;
			sourceTree = "<group>";
		};
		1ECC6C201905605800EFB710 /* InfoPlist.strings */ = {
			isa = PBXVariantGroup;
			children = (
				1ECC6C211905605800EFB710 /* en */,
			);
			name = InfoPlist.strings;
			sourceTree = "<group>";
		};
/* End PBXVariantGroup section */

/* Begin XCBuildConfiguration section */
		1ECC6C251905605800EFB710 /* Debug */ = {
			isa = XCBuildConfiguration;
			buildSettings = {
				ALWAYS_SEARCH_USER_PATHS = NO;
				CLANG_CXX_LANGUAGE_STANDARD = "gnu++0x";
				CLANG_CXX_LIBRARY = "libc++";
				CLANG_ENABLE_MODULES = YES;
				CLANG_ENABLE_OBJC_ARC = YES;
				CLANG_WARN_BOOL_CONVERSION = YES;
				CLANG_WARN_CONSTANT_CONVERSION = YES;
				CLANG_WARN_DIRECT_OBJC_ISA_USAGE = YES_ERROR;
				CLANG_WARN_EMPTY_BODY = YES;
				CLANG_WARN_ENUM_CONVERSION = YES;
				CLANG_WARN_INT_CONVERSION = YES;
				CLANG_WARN_OBJC_ROOT_CLASS = YES_ERROR;
				CLANG_WARN__DUPLICATE_METHOD_MATCH = YES;
				"CODE_SIGN_IDENTITY[sdk=iphoneos*]" = "iPhone Developer";
				COPY_PHASE_STRIP = NO;
				GCC_C_LANGUAGE_STANDARD = gnu99;
				GCC_DYNAMIC_NO_PIC = NO;
				GCC_OPTIMIZATION_LEVEL = 0;
				GCC_PREPROCESSOR_DEFINITIONS = (
					"DEBUG=1",
					"$(inherited)",
				);
				GCC_SYMBOLS_PRIVATE_EXTERN = NO;
				GCC_WARN_64_TO_32_BIT_CONVERSION = YES;
				GCC_WARN_ABOUT_RETURN_TYPE = YES_ERROR;
				GCC_WARN_UNDECLARED_SELECTOR = YES;
				GCC_WARN_UNINITIALIZED_AUTOS = YES_AGGRESSIVE;
				GCC_WARN_UNUSED_FUNCTION = YES;
				GCC_WARN_UNUSED_VARIABLE = YES;
				IPHONEOS_DEPLOYMENT_TARGET = 7.1;
				ONLY_ACTIVE_ARCH = YES;
				SDKROOT = iphoneos;
			};
			name = Debug;
		};
		1ECC6C261905605800EFB710 /* Release */ = {
			isa = XCBuildConfiguration;
			buildSettings = {
				ALWAYS_SEARCH_USER_PATHS = NO;
				CLANG_CXX_LANGUAGE_STANDARD = "gnu++0x";
				CLANG_CXX_LIBRARY = "libc++";
				CLANG_ENABLE_MODULES = YES;
				CLANG_ENABLE_OBJC_ARC = YES;
				CLANG_WARN_BOOL_CONVERSION = YES;
				CLANG_WARN_CONSTANT_CONVERSION = YES;
				CLANG_WARN_DIRECT_OBJC_ISA_USAGE = YES_ERROR;
				CLANG_WARN_EMPTY_BODY = YES;
				CLANG_WARN_ENUM_CONVERSION = YES;
				CLANG_WARN_INT_CONVERSION = YES;
				CLANG_WARN_OBJC_ROOT_CLASS = YES_ERROR;
				CLANG_WARN__DUPLICATE_METHOD_MATCH = YES;
				"CODE_SIGN_IDENTITY[sdk=iphoneos*]" = "iPhone Developer";
				COPY_PHASE_STRIP = YES;
				ENABLE_NS_ASSERTIONS = NO;
				GCC_C_LANGUAGE_STANDARD = gnu99;
				GCC_WARN_64_TO_32_BIT_CONVERSION = YES;
				GCC_WARN_ABOUT_RETURN_TYPE = YES_ERROR;
				GCC_WARN_UNDECLARED_SELECTOR = YES;
				GCC_WARN_UNINITIALIZED_AUTOS = YES_AGGRESSIVE;
				GCC_WARN_UNUSED_FUNCTION = YES;
				GCC_WARN_UNUSED_VARIABLE = YES;
				IPHONEOS_DEPLOYMENT_TARGET = 7.1;
				SDKROOT = iphoneos;
				VALIDATE_PRODUCT = YES;
			};
			name = Release;
		};
		1ECC6C281905605800EFB710 /* Debug */ = {
			isa = XCBuildConfiguration;
			buildSettings = {
				ASSETCATALOG_COMPILER_APPICON_NAME = AppIcon;
				ASSETCATALOG_COMPILER_LAUNCHIMAGE_NAME = LaunchImage;
				GCC_PRECOMPILE_PREFIX_HEADER = YES;
				GCC_PREFIX_HEADER = "UIXKit/UIXKit-Prefix.pch";
				INFOPLIST_FILE = "UIXKit/UIXKit-Info.plist";
				PRODUCT_NAME = "$(TARGET_NAME)";
				WRAPPER_EXTENSION = app;
			};
			name = Debug;
		};
		1ECC6C291905605800EFB710 /* Release */ = {
			isa = XCBuildConfiguration;
			buildSettings = {
				ASSETCATALOG_COMPILER_APPICON_NAME = AppIcon;
				ASSETCATALOG_COMPILER_LAUNCHIMAGE_NAME = LaunchImage;
				GCC_PRECOMPILE_PREFIX_HEADER = YES;
				GCC_PREFIX_HEADER = "UIXKit/UIXKit-Prefix.pch";
				INFOPLIST_FILE = "UIXKit/UIXKit-Info.plist";
				PRODUCT_NAME = "$(TARGET_NAME)";
				WRAPPER_EXTENSION = app;
			};
			name = Release;
		};
		1ECC6C2B1905605800EFB710 /* Debug */ = {
			isa = XCBuildConfiguration;
			buildSettings = {
				BUNDLE_LOADER = "$(BUILT_PRODUCTS_DIR)/UIXKit.app/UIXKit";
				FRAMEWORK_SEARCH_PATHS = (
					"$(SDKROOT)/Developer/Library/Frameworks",
					"$(inherited)",
					"$(DEVELOPER_FRAMEWORKS_DIR)",
				);
				GCC_PRECOMPILE_PREFIX_HEADER = YES;
				GCC_PREFIX_HEADER = "UIXKit/UIXKit-Prefix.pch";
				GCC_PREPROCESSOR_DEFINITIONS = (
					"DEBUG=1",
					"$(inherited)",
				);
				INFOPLIST_FILE = "UIXKitTests/UIXKitTests-Info.plist";
				PRODUCT_NAME = "$(TARGET_NAME)";
				TEST_HOST = "$(BUNDLE_LOADER)";
				WRAPPER_EXTENSION = xctest;
			};
			name = Debug;
		};
		1ECC6C2C1905605800EFB710 /* Release */ = {
			isa = XCBuildConfiguration;
			buildSettings = {
				BUNDLE_LOADER = "$(BUILT_PRODUCTS_DIR)/UIXKit.app/UIXKit";
				FRAMEWORK_SEARCH_PATHS = (
					"$(SDKROOT)/Developer/Library/Frameworks",
					"$(inherited)",
					"$(DEVELOPER_FRAMEWORKS_DIR)",
				);
				GCC_PRECOMPILE_PREFIX_HEADER = YES;
				GCC_PREFIX_HEADER = "UIXKit/UIXKit-Prefix.pch";
				INFOPLIST_FILE = "UIXKitTests/UIXKitTests-Info.plist";
				PRODUCT_NAME = "$(TARGET_NAME)";
				TEST_HOST = "$(BUNDLE_LOADER)";
				WRAPPER_EXTENSION = xctest;
			};
			name = Release;
		};
/* End XCBuildConfiguration section */

/* Begin XCConfigurationList section */
		1ECC6BF01905605700EFB710 /* Build configuration list for PBXProject "UIXKit" */ = {
			isa = XCConfigurationList;
			buildConfigurations = (
				1ECC6C251905605800EFB710 /* Debug */,
				1ECC6C261905605800EFB710 /* Release */,
			);
			defaultConfigurationIsVisible = 0;
			defaultConfigurationName = Release;
		};
		1ECC6C271905605800EFB710 /* Build configuration list for PBXNativeTarget "UIXKit" */ = {
			isa = XCConfigurationList;
			buildConfigurations = (
				1ECC6C281905605800EFB710 /* Debug */,
				1ECC6C291905605800EFB710 /* Release */,
			);
			defaultConfigurationIsVisible = 0;
		};
		1ECC6C2A1905605800EFB710 /* Build configuration list for PBXNativeTarget "UIXKitTests" */ = {
			isa = XCConfigurationList;
			buildConfigurations = (
				1ECC6C2B1905605800EFB710 /* Debug */,
				1ECC6C2C1905605800EFB710 /* Release */,
			);
			defaultConfigurationIsVisible = 0;
		};
/* End XCConfigurationList section */
	};
	rootObject = 1ECC6BED1905605700EFB710 /* Project object */;
}
